PODS:
  - Eureka (5.3.6)
  - MapboxMobileEvents (0.10.14)
  - MapboxSceneKit (0.1.0):
    - MapboxMobileEvents (~> 0.4)
  - SnapKit (5.0.1)

DEPENDENCIES:
  - Eureka
  - MapboxMobileEvents
  - MapboxSceneKit (from `https://github.com/mapbox/mapbox-scenekit.git`)
  - SnapKit

SPEC REPOS:
  trunk:
    - Eureka
    - MapboxMobileEvents
    - SnapKit

EXTERNAL SOURCES:
  MapboxSceneKit:
    :git: https://github.com/mapbox/mapbox-scenekit.git

CHECKOUT OPTIONS:
  MapboxSceneKit:
    :commit: 6764ac13e782b6a767beccce3376d95bf64e8091
    :git: https://github.com/mapbox/mapbox-scenekit.git

SPEC CHECKSUMS:
  Eureka: 28ad9dec6286cd7cd601fdf8e8df39bb7356a8f4
  MapboxMobileEvents: 5a172cc9bbf8ac0e45ba86095cbee685ede248cc
  MapboxSceneKit: f51dd12b4e82735e4571e394841ca42bcac7990f
  SnapKit: 97b92857e3df3a0c71833cce143274bf6ef8e5eb

PODFILE CHECKSUM: 1a6e216618a6a180c52a69f8def30eb704c6a696

COCOAPODS: 1.10.2
